
Microsoft Visual Studio Solution File, Format Version 12.00
# Visual Studio Version 17
VisualStudioVersion = 17.2.32526.322
MinimumVisualStudioVersion = 10.0.40219.1
Project("{FAE04EC0-301F-11D3-BF4B-00C04F79EFBC}") = "TestApp", "TestApp\TestApp.csproj", "{47849811-469F-442D-8F67-9EB442B10498}"
EndProject
Project("{FAE04EC0-301F-11D3-BF4B-00C04F79EFBC}") = "Quick.AvaloniaFonts.SourceHanSansCN", "Quick.AvaloniaFonts.SourceHanSansCN\Quick.AvaloniaFonts.SourceHanSansCN.csproj", "{61773D37-34B0-489B-9F6E-A0642A260822}"
EndProject
Project("{FAE04EC0-301F-11D3-BF4B-00C04F79EFBC}") = "Quick.AvaloniaFonts.SourceHanSansCN.Slim", "Quick.AvaloniaFonts.SourceHanSansCN.Slim\Quick.AvaloniaFonts.SourceHanSansCN.Slim.csproj", "{165D99C4-C1FE-473E-A054-1B4818854BEF}"
EndProject
Global
	GlobalSection(SolutionConfigurationPlatforms) = preSolution
		Debug|Any CPU = Debug|Any CPU
		Release|Any CPU = Release|Any CPU
	EndGlobalSection
	GlobalSection(ProjectConfigurationPlatforms) = postSolution
		{47849811-469F-442D-8F67-9EB442B10498}.Debug|Any CPU.ActiveCfg = Debug|Any CPU
		{47849811-469F-442D-8F67-9EB442B10498}.Debug|Any CPU.Build.0 = Debug|Any CPU
		{47849811-469F-442D-8F67-9EB442B10498}.Release|Any CPU.ActiveCfg = Release|Any CPU
		{47849811-469F-442D-8F67-9EB442B10498}.Release|Any CPU.Build.0 = Release|Any CPU
		{61773D37-34B0-489B-9F6E-A0642A260822}.Debug|Any CPU.ActiveCfg = Debug|Any CPU
		{61773D37-34B0-489B-9F6E-A0642A260822}.Debug|Any CPU.Build.0 = Debug|Any CPU
		{61773D37-34B0-489B-9F6E-A0642A260822}.Release|Any CPU.ActiveCfg = Release|Any CPU
		{61773D37-34B0-489B-9F6E-A0642A260822}.Release|Any CPU.Build.0 = Release|Any CPU
		{165D99C4-C1FE-473E-A054-1B4818854BEF}.Debug|Any CPU.ActiveCfg = Debug|Any CPU
		{165D99C4-C1FE-473E-A054-1B4818854BEF}.Debug|Any CPU.Build.0 = Debug|Any CPU
		{165D99C4-C1FE-473E-A054-1B4818854BEF}.Release|Any CPU.ActiveCfg = Release|Any CPU
		{165D99C4-C1FE-473E-A054-1B4818854BEF}.Release|Any CPU.Build.0 = Release|Any CPU
	EndGlobalSection
	GlobalSection(SolutionProperties) = preSolution
		HideSolutionNode = FALSE
	EndGlobalSection
	GlobalSection(ExtensibilityGlobals) = postSolution
		SolutionGuid = {EF10BC43-FDB9-4DFD-9187-62CCE2C273E3}
	EndGlobalSection
EndGlobal
